
Microsoft Visual Studio Solution File, Format Version 12.00
# Visual Studio 15
Project("{FAE04EC0-301F-11D3-BF4B-00C04F79EFBC}") = "Assembly-CSharp-firstpass", "Assembly-CSharp-firstpass.csproj", "{D4ADC509-2EDA-0E07-78B0-AAB06C2C6C89}"
EndProject
Project("{FAE04EC0-301F-11D3-BF4B-00C04F79EFBC}") = "Assembly-CSharp", "Assembly-CSharp.csproj", "{B69910EE-BA0C-4ECE-11E8-5F7CC887158F}"
EndProject
Project("{FAE04EC0-301F-11D3-BF4B-00C04F79EFBC}") = "Assembly-CSharp-Editor", "Assembly-CSharp-Editor.csproj", "{6E9B6CA2-6DB9-CFBD-637A-60AC94479594}"
EndProject
Global
	GlobalSection(SolutionConfigurationPlatforms) = preSolution
		Debug|Any CPU = Debug|Any CPU
		Release|Any CPU = Release|Any CPU
	EndGlobalSection
	GlobalSection(ProjectConfigurationPlatforms) = postSolution
		{D4ADC509-2EDA-0E07-78B0-AAB06C2C6C89}.Debug|Any CPU.ActiveCfg = Debug|Any CPU
		{D4ADC509-2EDA-0E07-78B0-AAB06C2C6C89}.Debug|Any CPU.Build.0 = Debug|Any CPU
		{D4ADC509-2EDA-0E07-78B0-AAB06C2C6C89}.Release|Any CPU.ActiveCfg = Release|Any CPU
		{D4ADC509-2EDA-0E07-78B0-AAB06C2C6C89}.Release|Any CPU.Build.0 = Release|Any CPU
		{B69910EE-BA0C-4ECE-11E8-5F7CC887158F}.Debug|Any CPU.ActiveCfg = Debug|Any CPU
		{B69910EE-BA0C-4ECE-11E8-5F7CC887158F}.Debug|Any CPU.Build.0 = Debug|Any CPU
		{B69910EE-BA0C-4ECE-11E8-5F7CC887158F}.Release|Any CPU.ActiveCfg = Release|Any CPU
		{B69910EE-BA0C-4ECE-11E8-5F7CC887158F}.Release|Any CPU.Build.0 = Release|Any CPU
		{6E9B6CA2-6DB9-CFBD-637A-60AC94479594}.Debug|Any CPU.ActiveCfg = Debug|Any CPU
		{6E9B6CA2-6DB9-CFBD-637A-60AC94479594}.Debug|Any CPU.Build.0 = Debug|Any CPU
		{6E9B6CA2-6DB9-CFBD-637A-60AC94479594}.Release|Any CPU.ActiveCfg = Release|Any CPU
		{6E9B6CA2-6DB9-CFBD-637A-60AC94479594}.Release|Any CPU.Build.0 = Release|Any CPU
	EndGlobalSection
	GlobalSection(SolutionProperties) = preSolution
		HideSolutionNode = FALSE
	EndGlobalSection
EndGlobal
