
Microsoft Visual Studio Solution File, Format Version 11.00
# Visual Studio 2010
Project("{FAE04EC0-301F-11D3-BF4B-00C04F79EFBC}") = "Assembly-CSharp", "Assembly-CSharp.csproj", "{ee1099b6-0cba-ce4e-11e8-5f7cc887158f}"
EndProject
Project("{FAE04EC0-301F-11D3-BF4B-00C04F79EFBC}") = "Assembly-CSharp-Editor", "Assembly-CSharp-Editor.csproj", "{a26c9b6e-b96d-bdcf-637a-60ac94479594}"
EndProject
Project("{FAE04EC0-301F-11D3-BF4B-00C04F79EFBC}") = "Assembly-CSharp-firstpass", "Assembly-CSharp-firstpass.csproj", "{09c5add4-da2e-070e-78b0-aab06c2c6c89}"
EndProject
Global
	GlobalSection(SolutionConfigurationPlatforms) = preSolution
		Debug|Any CPU = Debug|Any CPU
	EndGlobalSection
	GlobalSection(ProjectConfigurationPlatforms) = postSolution
		{ee1099b6-0cba-ce4e-11e8-5f7cc887158f}.Debug|Any CPU.ActiveCfg = Debug|Any CPU
		{ee1099b6-0cba-ce4e-11e8-5f7cc887158f}.Debug|Any CPU.Build.0 = Debug|Any CPU
		{a26c9b6e-b96d-bdcf-637a-60ac94479594}.Debug|Any CPU.ActiveCfg = Debug|Any CPU
		{a26c9b6e-b96d-bdcf-637a-60ac94479594}.Debug|Any CPU.Build.0 = Debug|Any CPU
		{09c5add4-da2e-070e-78b0-aab06c2c6c89}.Debug|Any CPU.ActiveCfg = Debug|Any CPU
		{09c5add4-da2e-070e-78b0-aab06c2c6c89}.Debug|Any CPU.Build.0 = Debug|Any CPU
	EndGlobalSection
	GlobalSection(SolutionProperties) = preSolution
		HideSolutionNode = FALSE
	EndGlobalSection
EndGlobal
